
Microsoft Visual Studio Solution File, Format Version 12.00
# Visual Studio Version 16
VisualStudioVersion = 16.6.30114.105
MinimumVisualStudioVersion = 10.0.40219.1
Project("{FAE04EC0-301F-11D3-BF4B-00C04F79EFBC}") = "AlphaTest.Core", "AlphaTest.Core\AlphaTest.Core.csproj", "{CE66D256-4414-4CCD-877C-20B817CDCD0B}"
EndProject
Project("{2150E333-8FDC-42A3-9474-1A3956D46DE8}") = "Tests", "Tests", "{8C0B5419-6B0C-4E81-B3F3-06F76734271D}"
EndProject
Project("{FAE04EC0-301F-11D3-BF4B-00C04F79EFBC}") = "AlphaTest.Core.UnitTests", "Tests\AlphaTest.Core.UnitTests\AlphaTest.Core.UnitTests.csproj", "{09149E7A-B2AF-4298-904C-0C994F0E33FF}"
EndProject
Project("{FAE04EC0-301F-11D3-BF4B-00C04F79EFBC}") = "AlphaTest.TestingHelpers", "Tests\AlphaTest.TestingHelpers\AlphaTest.TestingHelpers.csproj", "{1306E238-6B9D-48F5-B8F0-9B4F60653A5D}"
EndProject
Project("{FAE04EC0-301F-11D3-BF4B-00C04F79EFBC}") = "AlphaTest.Infrastructure", "AlphaTest.Infrastructure\AlphaTest.Infrastructure.csproj", "{EF6B3E6B-DF7E-4784-993D-26577177E6FC}"
EndProject
Global
	GlobalSection(SolutionConfigurationPlatforms) = preSolution
		Debug|Any CPU = Debug|Any CPU
		Debug|x64 = Debug|x64
		Debug|x86 = Debug|x86
		Release|Any CPU = Release|Any CPU
		Release|x64 = Release|x64
		Release|x86 = Release|x86
	EndGlobalSection
	GlobalSection(SolutionProperties) = preSolution
		HideSolutionNode = FALSE
	EndGlobalSection
	GlobalSection(ProjectConfigurationPlatforms) = postSolution
		{CE66D256-4414-4CCD-877C-20B817CDCD0B}.Debug|Any CPU.ActiveCfg = Debug|Any CPU
		{CE66D256-4414-4CCD-877C-20B817CDCD0B}.Debug|Any CPU.Build.0 = Debug|Any CPU
		{CE66D256-4414-4CCD-877C-20B817CDCD0B}.Debug|x64.ActiveCfg = Debug|Any CPU
		{CE66D256-4414-4CCD-877C-20B817CDCD0B}.Debug|x64.Build.0 = Debug|Any CPU
		{CE66D256-4414-4CCD-877C-20B817CDCD0B}.Debug|x86.ActiveCfg = Debug|Any CPU
		{CE66D256-4414-4CCD-877C-20B817CDCD0B}.Debug|x86.Build.0 = Debug|Any CPU
		{CE66D256-4414-4CCD-877C-20B817CDCD0B}.Release|Any CPU.ActiveCfg = Release|Any CPU
		{CE66D256-4414-4CCD-877C-20B817CDCD0B}.Release|Any CPU.Build.0 = Release|Any CPU
		{CE66D256-4414-4CCD-877C-20B817CDCD0B}.Release|x64.ActiveCfg = Release|Any CPU
		{CE66D256-4414-4CCD-877C-20B817CDCD0B}.Release|x64.Build.0 = Release|Any CPU
		{CE66D256-4414-4CCD-877C-20B817CDCD0B}.Release|x86.ActiveCfg = Release|Any CPU
		{CE66D256-4414-4CCD-877C-20B817CDCD0B}.Release|x86.Build.0 = Release|Any CPU
		{09149E7A-B2AF-4298-904C-0C994F0E33FF}.Debug|Any CPU.ActiveCfg = Debug|Any CPU
		{09149E7A-B2AF-4298-904C-0C994F0E33FF}.Debug|Any CPU.Build.0 = Debug|Any CPU
		{09149E7A-B2AF-4298-904C-0C994F0E33FF}.Debug|x64.ActiveCfg = Debug|Any CPU
		{09149E7A-B2AF-4298-904C-0C994F0E33FF}.Debug|x64.Build.0 = Debug|Any CPU
		{09149E7A-B2AF-4298-904C-0C994F0E33FF}.Debug|x86.ActiveCfg = Debug|Any CPU
		{09149E7A-B2AF-4298-904C-0C994F0E33FF}.Debug|x86.Build.0 = Debug|Any CPU
		{09149E7A-B2AF-4298-904C-0C994F0E33FF}.Release|Any CPU.ActiveCfg = Release|Any CPU
		{09149E7A-B2AF-4298-904C-0C994F0E33FF}.Release|Any CPU.Build.0 = Release|Any CPU
		{09149E7A-B2AF-4298-904C-0C994F0E33FF}.Release|x64.ActiveCfg = Release|Any CPU
		{09149E7A-B2AF-4298-904C-0C994F0E33FF}.Release|x64.Build.0 = Release|Any CPU
		{09149E7A-B2AF-4298-904C-0C994F0E33FF}.Release|x86.ActiveCfg = Release|Any CPU
		{09149E7A-B2AF-4298-904C-0C994F0E33FF}.Release|x86.Build.0 = Release|Any CPU
		{1306E238-6B9D-48F5-B8F0-9B4F60653A5D}.Debug|Any CPU.ActiveCfg = Debug|Any CPU
		{1306E238-6B9D-48F5-B8F0-9B4F60653A5D}.Debug|Any CPU.Build.0 = Debug|Any CPU
		{1306E238-6B9D-48F5-B8F0-9B4F60653A5D}.Debug|x64.ActiveCfg = Debug|Any CPU
		{1306E238-6B9D-48F5-B8F0-9B4F60653A5D}.Debug|x64.Build.0 = Debug|Any CPU
		{1306E238-6B9D-48F5-B8F0-9B4F60653A5D}.Debug|x86.ActiveCfg = Debug|Any CPU
		{1306E238-6B9D-48F5-B8F0-9B4F60653A5D}.Debug|x86.Build.0 = Debug|Any CPU
		{1306E238-6B9D-48F5-B8F0-9B4F60653A5D}.Release|Any CPU.ActiveCfg = Release|Any CPU
		{1306E238-6B9D-48F5-B8F0-9B4F60653A5D}.Release|Any CPU.Build.0 = Release|Any CPU
		{1306E238-6B9D-48F5-B8F0-9B4F60653A5D}.Release|x64.ActiveCfg = Release|Any CPU
		{1306E238-6B9D-48F5-B8F0-9B4F60653A5D}.Release|x64.Build.0 = Release|Any CPU
		{1306E238-6B9D-48F5-B8F0-9B4F60653A5D}.Release|x86.ActiveCfg = Release|Any CPU
		{1306E238-6B9D-48F5-B8F0-9B4F60653A5D}.Release|x86.Build.0 = Release|Any CPU
		{EF6B3E6B-DF7E-4784-993D-26577177E6FC}.Debug|Any CPU.ActiveCfg = Debug|Any CPU
		{EF6B3E6B-DF7E-4784-993D-26577177E6FC}.Debug|Any CPU.Build.0 = Debug|Any CPU
		{EF6B3E6B-DF7E-4784-993D-26577177E6FC}.Debug|x64.ActiveCfg = Debug|Any CPU
		{EF6B3E6B-DF7E-4784-993D-26577177E6FC}.Debug|x64.Build.0 = Debug|Any CPU
		{EF6B3E6B-DF7E-4784-993D-26577177E6FC}.Debug|x86.ActiveCfg = Debug|Any CPU
		{EF6B3E6B-DF7E-4784-993D-26577177E6FC}.Debug|x86.Build.0 = Debug|Any CPU
		{EF6B3E6B-DF7E-4784-993D-26577177E6FC}.Release|Any CPU.ActiveCfg = Release|Any CPU
		{EF6B3E6B-DF7E-4784-993D-26577177E6FC}.Release|Any CPU.Build.0 = Release|Any CPU
		{EF6B3E6B-DF7E-4784-993D-26577177E6FC}.Release|x64.ActiveCfg = Release|Any CPU
		{EF6B3E6B-DF7E-4784-993D-26577177E6FC}.Release|x64.Build.0 = Release|Any CPU
		{EF6B3E6B-DF7E-4784-993D-26577177E6FC}.Release|x86.ActiveCfg = Release|Any CPU
		{EF6B3E6B-DF7E-4784-993D-26577177E6FC}.Release|x86.Build.0 = Release|Any CPU
	EndGlobalSection
	GlobalSection(NestedProjects) = preSolution
		{09149E7A-B2AF-4298-904C-0C994F0E33FF} = {8C0B5419-6B0C-4E81-B3F3-06F76734271D}
		{1306E238-6B9D-48F5-B8F0-9B4F60653A5D} = {8C0B5419-6B0C-4E81-B3F3-06F76734271D}
	EndGlobalSection
EndGlobal
